
Microsoft Visual Studio Solution File, Format Version 12.00
# Visual Studio 15
Project("{FAE04EC0-301F-11D3-BF4B-00C04F79EFBC}") = "Assembly-CSharp", "Assembly-CSharp.csproj", "{CD631A81-1534-0385-678C-B3863C4E0E25}"
EndProject
Project("{FAE04EC0-301F-11D3-BF4B-00C04F79EFBC}") = "Assembly-CSharp-Editor", "Assembly-CSharp-Editor.csproj", "{A426C9E4-6FC2-6EEA-AA8C-4F1B164DA1B5}"
EndProject
Global
	GlobalSection(SolutionConfigurationPlatforms) = preSolution
		Debug|Any CPU = Debug|Any CPU
		Release|Any CPU = Release|Any CPU
	EndGlobalSection
	GlobalSection(ProjectConfigurationPlatforms) = postSolution
		{CD631A81-1534-0385-678C-B3863C4E0E25}.Debug|Any CPU.ActiveCfg = Debug|Any CPU
		{CD631A81-1534-0385-678C-B3863C4E0E25}.Debug|Any CPU.Build.0 = Debug|Any CPU
		{CD631A81-1534-0385-678C-B3863C4E0E25}.Release|Any CPU.ActiveCfg = Release|Any CPU
		{CD631A81-1534-0385-678C-B3863C4E0E25}.Release|Any CPU.Build.0 = Release|Any CPU
		{A426C9E4-6FC2-6EEA-AA8C-4F1B164DA1B5}.Debug|Any CPU.ActiveCfg = Debug|Any CPU
		{A426C9E4-6FC2-6EEA-AA8C-4F1B164DA1B5}.Debug|Any CPU.Build.0 = Debug|Any CPU
		{A426C9E4-6FC2-6EEA-AA8C-4F1B164DA1B5}.Release|Any CPU.ActiveCfg = Release|Any CPU
		{A426C9E4-6FC2-6EEA-AA8C-4F1B164DA1B5}.Release|Any CPU.Build.0 = Release|Any CPU
	EndGlobalSection
	GlobalSection(SolutionProperties) = preSolution
		HideSolutionNode = FALSE
	EndGlobalSection
EndGlobal
